
Microsoft Visual Studio Solution File, Format Version 12.00
# Visual Studio Version 16
VisualStudioVersion = 16.0.30114.105
MinimumVisualStudioVersion = 10.0.40219.1
Project("{2150E333-8FDC-42A3-9474-1A3956D46DE8}") = "domain", "domain", "{BEC3E24F-C59A-457F-A0BD-FA2A3CC11FA7}"
EndProject
Project("{9A19103F-16F7-4668-BE54-9A1E7A4F7556}") = "Store", "domain\Store\Store.csproj", "{A6CD8C7F-F846-4DF7-8383-31484536DC45}"
EndProject
Project("{2150E333-8FDC-42A3-9474-1A3956D46DE8}") = "infrastructure", "infrastructure", "{0F29CBB0-F3BB-4821-9C31-E9285EEEA733}"
EndProject
Project("{9A19103F-16F7-4668-BE54-9A1E7A4F7556}") = "bookShop.Memory", "infrastructure\bookShop.Memory\bookShop.Memory.csproj", "{0DC1D6A2-7B42-47A4-84F3-B6462FD1DC76}"
EndProject
Project("{2150E333-8FDC-42A3-9474-1A3956D46DE8}") = "presentation", "presentation", "{FF4D6955-13F7-4102-8920-48BF3B881261}"
EndProject
Project("{9A19103F-16F7-4668-BE54-9A1E7A4F7556}") = "bookShop.web", "ppresentation\bookShop.web\bookShop.web.csproj", "{5F7A35CB-8DCD-45A6-889B-DFB4F73EF298}"
EndProject
Project("{FAE04EC0-301F-11D3-BF4B-00C04F79EFBC}") = "bookShop.Tests", "bookShop.Tests\bookShop.Tests.csproj", "{3618248B-0933-4031-AA38-07D6AD20FDF6}"
EndProject
Global
	GlobalSection(SolutionConfigurationPlatforms) = preSolution
		Debug|Any CPU = Debug|Any CPU
		Debug|x64 = Debug|x64
		Debug|x86 = Debug|x86
		Release|Any CPU = Release|Any CPU
		Release|x64 = Release|x64
		Release|x86 = Release|x86
	EndGlobalSection
	GlobalSection(ProjectConfigurationPlatforms) = postSolution
		{A6CD8C7F-F846-4DF7-8383-31484536DC45}.Debug|Any CPU.ActiveCfg = Debug|Any CPU
		{A6CD8C7F-F846-4DF7-8383-31484536DC45}.Debug|Any CPU.Build.0 = Debug|Any CPU
		{A6CD8C7F-F846-4DF7-8383-31484536DC45}.Debug|x64.ActiveCfg = Debug|Any CPU
		{A6CD8C7F-F846-4DF7-8383-31484536DC45}.Debug|x64.Build.0 = Debug|Any CPU
		{A6CD8C7F-F846-4DF7-8383-31484536DC45}.Debug|x86.ActiveCfg = Debug|Any CPU
		{A6CD8C7F-F846-4DF7-8383-31484536DC45}.Debug|x86.Build.0 = Debug|Any CPU
		{A6CD8C7F-F846-4DF7-8383-31484536DC45}.Release|Any CPU.ActiveCfg = Release|Any CPU
		{A6CD8C7F-F846-4DF7-8383-31484536DC45}.Release|Any CPU.Build.0 = Release|Any CPU
		{A6CD8C7F-F846-4DF7-8383-31484536DC45}.Release|x64.ActiveCfg = Release|Any CPU
		{A6CD8C7F-F846-4DF7-8383-31484536DC45}.Release|x64.Build.0 = Release|Any CPU
		{A6CD8C7F-F846-4DF7-8383-31484536DC45}.Release|x86.ActiveCfg = Release|Any CPU
		{A6CD8C7F-F846-4DF7-8383-31484536DC45}.Release|x86.Build.0 = Release|Any CPU
		{0DC1D6A2-7B42-47A4-84F3-B6462FD1DC76}.Debug|Any CPU.ActiveCfg = Debug|Any CPU
		{0DC1D6A2-7B42-47A4-84F3-B6462FD1DC76}.Debug|Any CPU.Build.0 = Debug|Any CPU
		{0DC1D6A2-7B42-47A4-84F3-B6462FD1DC76}.Debug|x64.ActiveCfg = Debug|Any CPU
		{0DC1D6A2-7B42-47A4-84F3-B6462FD1DC76}.Debug|x64.Build.0 = Debug|Any CPU
		{0DC1D6A2-7B42-47A4-84F3-B6462FD1DC76}.Debug|x86.ActiveCfg = Debug|Any CPU
		{0DC1D6A2-7B42-47A4-84F3-B6462FD1DC76}.Debug|x86.Build.0 = Debug|Any CPU
		{0DC1D6A2-7B42-47A4-84F3-B6462FD1DC76}.Release|Any CPU.ActiveCfg = Release|Any CPU
		{0DC1D6A2-7B42-47A4-84F3-B6462FD1DC76}.Release|Any CPU.Build.0 = Release|Any CPU
		{0DC1D6A2-7B42-47A4-84F3-B6462FD1DC76}.Release|x64.ActiveCfg = Release|Any CPU
		{0DC1D6A2-7B42-47A4-84F3-B6462FD1DC76}.Release|x64.Build.0 = Release|Any CPU
		{0DC1D6A2-7B42-47A4-84F3-B6462FD1DC76}.Release|x86.ActiveCfg = Release|Any CPU
		{0DC1D6A2-7B42-47A4-84F3-B6462FD1DC76}.Release|x86.Build.0 = Release|Any CPU
		{5F7A35CB-8DCD-45A6-889B-DFB4F73EF298}.Debug|Any CPU.ActiveCfg = Debug|Any CPU
		{5F7A35CB-8DCD-45A6-889B-DFB4F73EF298}.Debug|Any CPU.Build.0 = Debug|Any CPU
		{5F7A35CB-8DCD-45A6-889B-DFB4F73EF298}.Debug|x64.ActiveCfg = Debug|Any CPU
		{5F7A35CB-8DCD-45A6-889B-DFB4F73EF298}.Debug|x64.Build.0 = Debug|Any CPU
		{5F7A35CB-8DCD-45A6-889B-DFB4F73EF298}.Debug|x86.ActiveCfg = Debug|Any CPU
		{5F7A35CB-8DCD-45A6-889B-DFB4F73EF298}.Debug|x86.Build.0 = Debug|Any CPU
		{5F7A35CB-8DCD-45A6-889B-DFB4F73EF298}.Release|Any CPU.ActiveCfg = Release|Any CPU
		{5F7A35CB-8DCD-45A6-889B-DFB4F73EF298}.Release|Any CPU.Build.0 = Release|Any CPU
		{5F7A35CB-8DCD-45A6-889B-DFB4F73EF298}.Release|x64.ActiveCfg = Release|Any CPU
		{5F7A35CB-8DCD-45A6-889B-DFB4F73EF298}.Release|x64.Build.0 = Release|Any CPU
		{5F7A35CB-8DCD-45A6-889B-DFB4F73EF298}.Release|x86.ActiveCfg = Release|Any CPU
		{5F7A35CB-8DCD-45A6-889B-DFB4F73EF298}.Release|x86.Build.0 = Release|Any CPU
		{3618248B-0933-4031-AA38-07D6AD20FDF6}.Debug|Any CPU.ActiveCfg = Debug|Any CPU
		{3618248B-0933-4031-AA38-07D6AD20FDF6}.Debug|Any CPU.Build.0 = Debug|Any CPU
		{3618248B-0933-4031-AA38-07D6AD20FDF6}.Debug|x64.ActiveCfg = Debug|Any CPU
		{3618248B-0933-4031-AA38-07D6AD20FDF6}.Debug|x64.Build.0 = Debug|Any CPU
		{3618248B-0933-4031-AA38-07D6AD20FDF6}.Debug|x86.ActiveCfg = Debug|Any CPU
		{3618248B-0933-4031-AA38-07D6AD20FDF6}.Debug|x86.Build.0 = Debug|Any CPU
		{3618248B-0933-4031-AA38-07D6AD20FDF6}.Release|Any CPU.ActiveCfg = Release|Any CPU
		{3618248B-0933-4031-AA38-07D6AD20FDF6}.Release|Any CPU.Build.0 = Release|Any CPU
		{3618248B-0933-4031-AA38-07D6AD20FDF6}.Release|x64.ActiveCfg = Release|Any CPU
		{3618248B-0933-4031-AA38-07D6AD20FDF6}.Release|x64.Build.0 = Release|Any CPU
		{3618248B-0933-4031-AA38-07D6AD20FDF6}.Release|x86.ActiveCfg = Release|Any CPU
		{3618248B-0933-4031-AA38-07D6AD20FDF6}.Release|x86.Build.0 = Release|Any CPU
	EndGlobalSection
	GlobalSection(SolutionProperties) = preSolution
		HideSolutionNode = FALSE
	EndGlobalSection
	GlobalSection(NestedProjects) = preSolution
		{A6CD8C7F-F846-4DF7-8383-31484536DC45} = {BEC3E24F-C59A-457F-A0BD-FA2A3CC11FA7}
		{0DC1D6A2-7B42-47A4-84F3-B6462FD1DC76} = {0F29CBB0-F3BB-4821-9C31-E9285EEEA733}
		{5F7A35CB-8DCD-45A6-889B-DFB4F73EF298} = {FF4D6955-13F7-4102-8920-48BF3B881261}
		{3618248B-0933-4031-AA38-07D6AD20FDF6} = {BEC3E24F-C59A-457F-A0BD-FA2A3CC11FA7}
	EndGlobalSection
	GlobalSection(ExtensibilityGlobals) = postSolution
		SolutionGuid = {5EEF7CC7-95E1-4B1F-85BD-3922C41D82B3}
	EndGlobalSection
EndGlobal
